
Microsoft Visual Studio Solution File, Format Version 12.00
# Visual Studio 2013
VisualStudioVersion = 12.0.40629.0
MinimumVisualStudioVersion = 10.0.40219.1
Project("{FAE04EC0-301F-11D3-BF4B-00C04F79EFBC}") = "StackClient", "StackClient\StackClient.csproj", "{812AFDED-54A5-4242-A5FB-BE303937063F}"
EndProject
Project("{FAE04EC0-301F-11D3-BF4B-00C04F79EFBC}") = "StackClient.StackExchange.Common", "StackClient.StackExchange.Common\StackClient.StackExchange.Common.csproj", "{822DD1C5-6591-4C9F-BCF9-D375B2C511AF}"
EndProject
Project("{FAE04EC0-301F-11D3-BF4B-00C04F79EFBC}") = "StackClient.StackExchange.Entity", "StackClient.StackExchange.Entity\StackClient.StackExchange.Entity.csproj", "{D589E7D6-0BAD-40D3-9FB2-D8671B89698E}"
EndProject
Project("{FAE04EC0-301F-11D3-BF4B-00C04F79EFBC}") = "StackClient.StackExchange.Repository", "StackClient.StackExchange.Repository\StackClient.StackExchange.Repository.csproj", "{EC219518-4AD4-4B8A-A220-9765F1D75810}"
EndProject
Global
	GlobalSection(SolutionConfigurationPlatforms) = preSolution
		Debug|Any CPU = Debug|Any CPU
		Release|Any CPU = Release|Any CPU
	EndGlobalSection
	GlobalSection(ProjectConfigurationPlatforms) = postSolution
		{812AFDED-54A5-4242-A5FB-BE303937063F}.Debug|Any CPU.ActiveCfg = Debug|Any CPU
		{812AFDED-54A5-4242-A5FB-BE303937063F}.Debug|Any CPU.Build.0 = Debug|Any CPU
		{812AFDED-54A5-4242-A5FB-BE303937063F}.Release|Any CPU.ActiveCfg = Release|Any CPU
		{812AFDED-54A5-4242-A5FB-BE303937063F}.Release|Any CPU.Build.0 = Release|Any CPU
		{822DD1C5-6591-4C9F-BCF9-D375B2C511AF}.Debug|Any CPU.ActiveCfg = Debug|Any CPU
		{822DD1C5-6591-4C9F-BCF9-D375B2C511AF}.Debug|Any CPU.Build.0 = Debug|Any CPU
		{822DD1C5-6591-4C9F-BCF9-D375B2C511AF}.Release|Any CPU.ActiveCfg = Release|Any CPU
		{822DD1C5-6591-4C9F-BCF9-D375B2C511AF}.Release|Any CPU.Build.0 = Release|Any CPU
		{D589E7D6-0BAD-40D3-9FB2-D8671B89698E}.Debug|Any CPU.ActiveCfg = Debug|Any CPU
		{D589E7D6-0BAD-40D3-9FB2-D8671B89698E}.Debug|Any CPU.Build.0 = Debug|Any CPU
		{D589E7D6-0BAD-40D3-9FB2-D8671B89698E}.Release|Any CPU.ActiveCfg = Release|Any CPU
		{D589E7D6-0BAD-40D3-9FB2-D8671B89698E}.Release|Any CPU.Build.0 = Release|Any CPU
		{EC219518-4AD4-4B8A-A220-9765F1D75810}.Debug|Any CPU.ActiveCfg = Debug|Any CPU
		{EC219518-4AD4-4B8A-A220-9765F1D75810}.Debug|Any CPU.Build.0 = Debug|Any CPU
		{EC219518-4AD4-4B8A-A220-9765F1D75810}.Release|Any CPU.ActiveCfg = Release|Any CPU
		{EC219518-4AD4-4B8A-A220-9765F1D75810}.Release|Any CPU.Build.0 = Release|Any CPU
	EndGlobalSection
	GlobalSection(SolutionProperties) = preSolution
		HideSolutionNode = FALSE
	EndGlobalSection
EndGlobal
